// !$*UTF8*$!
{
	archiveVersion = 1;
	classes = {
	};
	objectVersion = 46;
	objects = {

/* Begin PBXBuildFile section */
		83365D8E1E5E86F40068BD0D /* AppDelegate.swift in Sources */ = {isa = PBXBuildFile; fileRef = 83365D8D1E5E86F40068BD0D /* AppDelegate.swift */; };
		83365D901E5E86F40068BD0D /* ViewController.swift in Sources */ = {isa = PBXBuildFile; fileRef = 83365D8F1E5E86F40068BD0D /* ViewController.swift */; };
		83365D931E5E86F40068BD0D /* Main.storyboard in Resources */ = {isa = PBXBuildFile; fileRef = 83365D911E5E86F40068BD0D /* Main.storyboard */; };
		83365D951E5E86F40068BD0D /* Assets.xcassets in Resources */ = {isa = PBXBuildFile; fileRef = 83365D941E5E86F40068BD0D /* Assets.xcassets */; };
		83365D981E5E86F40068BD0D /* LaunchScreen.storyboard in Resources */ = {isa = PBXBuildFile; fileRef = 83365D961E5E86F40068BD0D /* LaunchScreen.storyboard */; };
/* End PBXBuildFile section */

/* Begin PBXFileReference section */
		83365D8A1E5E86F40068BD0D /* ios8TableView23.app */ = {isa = PBXFileReference; explicitFileType = wrapper.application; includeInIndex = 0; path = ios8TableView23.app; sourceTree = BUILT_PRODUCTS_DIR; };
		83365D8D1E5E86F40068BD0D /* AppDelegate.swift */ = {isa = PBXFileReference; lastKnownFileType = sourcecode.swift; path = AppDelegate.swift; sourceTree = "<group>"; };
		83365D8F1E5E86F40068BD0D /* ViewController.swift */ = {isa = PBXFileReference; lastKnownFileType = sourcecode.swift; path = ViewController.swift; sourceTree = "<group>"; };
		83365D921E5E86F40068BD0D /* Base */ = {isa = PBXFileReference; lastKnownFileType = file.storyboard; name = Base; path = Base.lproj/Main.storyboard; sourceTree = "<group>"; };
		83365D941E5E86F40068BD0D /* Assets.xcassets */ = {isa = PBXFileReference; lastKnownFileType = folder.assetcatalog; path = Assets.xcassets; sourceTree = "<group>"; };
		83365D971E5E86F40068BD0D /* Base */ = {isa = PBXFileReference; lastKnownFileType = file.storyboard; name = Base; path = Base.lproj/LaunchScreen.storyboard; sourceTree = "<group>"; };
		83365D991E5E86F40068BD0D /* Info.plist */ = {isa = PBXFileReference; lastKnownFileType = text.plist.xml; path = Info.plist; sourceTree = "<group>"; };
/* End PBXFileReference section */

/* Begin PBXFrameworksBuildPhase section */
		83365D871E5E86F40068BD0D /* Frameworks */ = {
			isa = PBXFrameworksBuildPhase;
			buildActionMask = 2147483647;
			files = (
			);
			runOnlyForDeploymentPostprocessing = 0;
		};
/* End PBXFrameworksBuildPhase section */

/* Begin PBXGroup section */
		83365D811E5E86F40068BD0D = {
			isa = PBXGroup;
			children = (
				83365D8C1E5E86F40068BD0D /* ios8TableView23 */,
				83365D8B1E5E86F40068BD0D /* Products */,
			);
			sourceTree = "<group>";
		};
		83365D8B1E5E86F40068BD0D /* Products */ = {
			isa = PBXGroup;
			children = (
				83365D8A1E5E86F40068BD0D /* ios8TableView23.app */,
			);
			name = Products;
			sourceTree = "<group>";
		};
		83365D8C1E5E86F40068BD0D /* ios8TableView23 */ = {
			isa = PBXGroup;
			children = (
				83365D8D1E5E86F40068BD0D /* AppDelegate.swift */,
				83365D8F1E5E86F40068BD0D /* ViewController.swift */,
				83365D911E5E86F40068BD0D /* Main.storyboard */,
				83365D941E5E86F40068BD0D /* Assets.xcassets */,
				83365D961E5E86F40068BD0D /* LaunchScreen.storyboard */,
				83365D991E5E86F40068BD0D /* Info.plist */,
			);
			path = ios8TableView23;
			sourceTree = "<group>";
		};
/* End PBXGroup section */

/* Begin PBXNativeTarget section */
		83365D891E5E86F40068BD0D /* ios8TableView23 */ = {
			isa = PBXNativeTarget;
			buildConfigurationList = 83365D9C1E5E86F40068BD0D /* Build configuration list for PBXNativeTarget "ios8TableView23" */;
			buildPhases = (
				83365D861E5E86F40068BD0D /* Sources */,
				83365D871E5E86F40068BD0D /* Frameworks */,
				83365D881E5E86F40068BD0D /* Resources */,
			);
			buildRules = (
			);
			dependencies = (
			);
			name = ios8TableView23;
			productName = ios8TableView23;
			productReference = 83365D8A1E5E86F40068BD0D /* ios8TableView23.app */;
			productType = "com.apple.product-type.application";
		};
/* End PBXNativeTarget section */

/* Begin PBXProject section */
		83365D821E5E86F40068BD0D /* Project object */ = {
			isa = PBXProject;
			attributes = {
				LastSwiftUpdateCheck = 0820;
				LastUpgradeCheck = 0820;
				ORGANIZATIONNAME = heqichang;
				TargetAttributes = {
					83365D891E5E86F40068BD0D = {
						CreatedOnToolsVersion = 8.2.1;
						DevelopmentTeam = T73C493RUF;
						ProvisioningStyle = Automatic;
					};
				};
			};
			buildConfigurationList = 83365D851E5E86F40068BD0D /* Build configuration list for PBXProject "ios8TableView23" */;
			compatibilityVersion = "Xcode 3.2";
			developmentRegion = English;
			hasScannedForEncodings = 0;
			knownRegions = (
				en,
				Base,
			);
			mainGroup = 83365D811E5E86F40068BD0D;
			productRefGroup = 83365D8B1E5E86F40068BD0D /* Products */;
			projectDirPath = "";
			projectRoot = "";
			targets = (
				83365D891E5E86F40068BD0D /* ios8TableView23 */,
			);
		};
/* End PBXProject section */

/* Begin PBXResourcesBuildPhase section */
		83365D881E5E86F40068BD0D /* Resources */ = {
			isa = PBXResourcesBuildPhase;
			buildActionMask = 2147483647;
			files = (
				83365D981E5E86F40068BD0D /* LaunchScreen.storyboard in Resources */,
				83365D951E5E86F40068BD0D /* Assets.xcassets in Resources */,
				83365D931E5E86F40068BD0D /* Main.storyboard in Resources */,
			);
			runOnlyForDeploymentPostprocessing = 0;
		};
/* End PBXResourcesBuildPhase section */

/* Begin PBXSourcesBuildPhase section */
		83365D861E5E86F40068BD0D /* Sources */ = {
			isa = PBXSourcesBuildPhase;
			buildActionMask = 2147483647;
			files = (
				83365D901E5E86F40068BD0D /* ViewController.swift in Sources */,
				83365D8E1E5E86F40068BD0D /* AppDelegate.swift in Sources */,
			);
			runOnlyForDeploymentPostprocessing = 0;
		};
/* End PBXSourcesBuildPhase section */

/* Begin PBXVariantGroup section */
		83365D911E5E86F40068BD0D /* Main.storyboard */ = {
			isa = PBXVariantGroup;
			children = (
				83365D921E5E86F40068BD0D /* Base */,
			);
			name = Main.storyboard;
			sourceTree = "<group>";
		};
		83365D961E5E86F40068BD0D /* LaunchScreen.storyboard */ = {
			isa = PBXVariantGroup;
			children = (
				83365D971E5E86F40068BD0D /* Base */,
			);
			name = LaunchScreen.storyboard;
			sourceTree = "<group>";
		};
/* End PBXVariantGroup section */

/* Begin XCBuildConfiguration section */
		83365D9A1E5E86F40068BD0D /* Debug */ = {
			isa = XCBuildConfiguration;
			buildSettings = {
				ALWAYS_SEARCH_USER_PATHS = NO;
				CLANG_ANALYZER_NONNULL = YES;
				CLANG_CXX_LANGUAGE_STANDARD = "gnu++0x";
				CLANG_CXX_LIBRARY = "libc++";
				CLANG_ENABLE_MODULES = YES;
				CLANG_ENABLE_OBJC_ARC = YES;
				CLANG_WARN_BOOL_CONVERSION = YES;
				CLANG_WARN_CONSTANT_CONVERSION = YES;
				CLANG_WARN_DIRECT_OBJC_ISA_USAGE = YES_ERROR;
				CLANG_WARN_DOCUMENTATION_COMMENTS = YES;
				CLANG_WARN_EMPTY_BODY = YES;
				CLANG_WARN_ENUM_CONVERSION = YES;
				CLANG_WARN_INFINITE_RECURSION = YES;
				CLANG_WARN_INT_CONVERSION = YES;
				CLANG_WARN_OBJC_ROOT_CLASS = YES_ERROR;
				CLANG_WARN_SUSPICIOUS_MOVE = YES;
				CLANG_WARN_UNREACHABLE_CODE = YES;
				CLANG_WARN__DUPLICATE_METHOD_MATCH = YES;
				"CODE_SIGN_IDENTITY[sdk=iphoneos*]" = "iPhone Developer";
				COPY_PHASE_STRIP = NO;
				DEBUG_INFORMATION_FORMAT = dwarf;
				ENABLE_STRICT_OBJC_MSGSEND = YES;
				ENABLE_TESTABILITY = YES;
				GCC_C_LANGUAGE_STANDARD = gnu99;
				GCC_DYNAMIC_NO_PIC = NO;
				GCC_NO_COMMON_BLOCKS = YES;
				GCC_OPTIMIZATION_LEVEL = 0;
				GCC_PREPROCESSOR_DEFINITIONS = (
					"DEBUG=1",
					"$(inherited)",
				);
				GCC_WARN_64_TO_32_BIT_CONVERSION = YES;
				GCC_WARN_ABOUT_RETURN_TYPE = YES_ERROR;
				GCC_WARN_UNDECLARED_SELECTOR = YES;
				GCC_WARN_UNINITIALIZED_AUTOS = YES_AGGRESSIVE;
				GCC_WARN_UNUSED_FUNCTION = YES;
				GCC_WARN_UNUSED_VARIABLE = YES;
				IPHONEOS_DEPLOYMENT_TARGET = 10.2;
				MTL_ENABLE_DEBUG_INFO = YES;
				ONLY_ACTIVE_ARCH = YES;
				SDKROOT = iphoneos;
				SWIFT_ACTIVE_COMPILATION_CONDITIONS = DEBUG;
				SWIFT_OPTIMIZATION_LEVEL = "-Onone";
			};
			name = Debug;
		};
		83365D9B1E5E86F40068BD0D /* Release */ = {
			isa = XCBuildConfiguration;
			buildSettings = {
				ALWAYS_SEARCH_USER_PATHS = NO;
				CLANG_ANALYZER_NONNULL = YES;
				CLANG_CXX_LANGUAGE_STANDARD = "gnu++0x";
				CLANG_CXX_LIBRARY = "libc++";
				CLANG_ENABLE_MODULES = YES;
				CLANG_ENABLE_OBJC_ARC = YES;
				CLANG_WARN_BOOL_CONVERSION = YES;
				CLANG_WARN_CONSTANT_CONVERSION = YES;
				CLANG_WARN_DIRECT_OBJC_ISA_USAGE = YES_ERROR;
				CLANG_WARN_DOCUMENTATION_COMMENTS = YES;
				CLANG_WARN_EMPTY_BODY = YES;
				CLANG_WARN_ENUM_CONVERSION = YES;
				CLANG_WARN_INFINITE_RECURSION = YES;
				CLANG_WARN_INT_CONVERSION = YES;
				CLANG_WARN_OBJC_ROOT_CLASS = YES_ERROR;
				CLANG_WARN_SUSPICIOUS_MOVE = YES;
				CLANG_WARN_UNREACHABLE_CODE = YES;
				CLANG_WARN__DUPLICATE_METHOD_MATCH = YES;
				"CODE_SIGN_IDENTITY[sdk=iphoneos*]" = "iPhone Developer";
				COPY_PHASE_STRIP = NO;
				DEBUG_INFORMATION_FORMAT = "dwarf-with-dsym";
				ENABLE_NS_ASSERTIONS = NO;
				ENABLE_STRICT_OBJC_MSGSEND = YES;
				GCC_C_LANGUAGE_STANDARD = gnu99;
				GCC_NO_COMMON_BLOCKS = YES;
				GCC_WARN_64_TO_32_BIT_CONVERSION = YES;
				GCC_WARN_ABOUT_RETURN_TYPE = YES_ERROR;
				GCC_WARN_UNDECLARED_SELECTOR = YES;
				GCC_WARN_UNINITIALIZED_AUTOS = YES_AGGRESSIVE;
				GCC_WARN_UNUSED_FUNCTION = YES;
				GCC_WARN_UNUSED_VARIABLE = YES;
				IPHONEOS_DEPLOYMENT_TARGET = 10.2;
				MTL_ENABLE_DEBUG_INFO = NO;
				SDKROOT = iphoneos;
				SWIFT_OPTIMIZATION_LEVEL = "-Owholemodule";
				VALIDATE_PRODUCT = YES;
			};
			name = Release;
		};
		83365D9D1E5E86F40068BD0D /* Debug */ = {
			isa = XCBuildConfiguration;
			buildSettings = {
				ASSETCATALOG_COMPILER_APPICON_NAME = AppIcon;
				DEVELOPMENT_TEAM = T73C493RUF;
				INFOPLIST_FILE = ios8TableView23/Info.plist;
				IPHONEOS_DEPLOYMENT_TARGET = 8.0;
				LD_RUNPATH_SEARCH_PATHS = "$(inherited) @executable_path/Frameworks";
				PRODUCT_BUNDLE_IDENTIFIER = com.beihai365.ios8TableView23;
				PRODUCT_NAME = "$(TARGET_NAME)";
				SWIFT_VERSION = 2.3;
			};
			name = Debug;
		};
		83365D9E1E5E86F40068BD0D /* Release */ = {
			isa = XCBuildConfiguration;
			buildSettings = {
				ASSETCATALOG_COMPILER_APPICON_NAME = AppIcon;
				DEVELOPMENT_TEAM = T73C493RUF;
				INFOPLIST_FILE = ios8TableView23/Info.plist;
				IPHONEOS_DEPLOYMENT_TARGET = 8.0;
				LD_RUNPATH_SEARCH_PATHS = "$(inherited) @executable_path/Frameworks";
				PRODUCT_BUNDLE_IDENTIFIER = com.beihai365.ios8TableView23;
				PRODUCT_NAME = "$(TARGET_NAME)";
				SWIFT_VERSION = 2.3;
			};
			name = Release;
		};
/* End XCBuildConfiguration section */

/* Begin XCConfigurationList section */
		83365D851E5E86F40068BD0D /* Build configuration list for PBXProject "ios8TableView23" */ = {
			isa = XCConfigurationList;
			buildConfigurations = (
				83365D9A1E5E86F40068BD0D /* Debug */,
				83365D9B1E5E86F40068BD0D /* Release */,
			);
			defaultConfigurationIsVisible = 0;
			defaultConfigurationName = Release;
		};
		83365D9C1E5E86F40068BD0D /* Build configuration list for PBXNativeTarget "ios8TableView23" */ = {
			isa = XCConfigurationList;
			buildConfigurations = (
				83365D9D1E5E86F40068BD0D /* Debug */,
				83365D9E1E5E86F40068BD0D /* Release */,
			);
			defaultConfigurationIsVisible = 0;
		};
/* End XCConfigurationList section */
	};
	rootObject = 83365D821E5E86F40068BD0D /* Project object */;
}
